{
  "name": "dataflex",
  "version": "0.0.2",
  "lockfileVersion": 3,
  "requires": true,
  "packages": {
    "": {
      "name": "dataflex",
      "version": "0.0.2",
      "dependencies": {
        "typescript": "^5.8.3",
        "vcse": "^1.0.1",
        "vscode-languageclient": "^9.0.1"
      },
      "devDependencies": {
        "@types/node": "^22.14.0",
        "@types/vscode": "^1.99.1"
      },
      "engines": {
        "vscode": "^1.99.0"
      }
    },
    "node_modules/@types/node": {
      "version": "22.14.0",
      "dev": true,
      "license": "MIT",
      "dependencies": {
        "undici-types": "~6.21.0"
      }
    },
    "node_modules/@types/vscode": {
      "version": "1.99.1",
      "dev": true,
      "license": "MIT"
    },
    "node_modules/balanced-match": {
      "version": "1.0.2",
      "license": "MIT"
    },
    "node_modules/typescript": {
      "version": "5.8.3",
      "license": "Apache-2.0",
      "bin": {
        "tsc": "bin/tsc",
        "tsserver": "bin/tsserver"
      },
      "engines": {
        "node": ">=14.17"
      }
    },
    "node_modules/undici-types": {
      "version": "6.21.0",
      "dev": true,
      "license": "MIT"
    },
    "node_modules/vcse": {
      "version": "1.0.1",
      "resolved": "https://registry.npmjs.org/vcse/-/vcse-1.0.1.tgz",
      "integrity": "sha512-aci9XMAgqTAE1cQDAfBHNh53SCyvKBdB2CjknQCuE1TjC4AFvqrI4K3jYZBiJHTKfoaUkIx6GLTfa+R7w5ving==",
      "hasInstallScript": true,
      "license": "UNLICENSED",
      "dependencies": {
        "vcse": "^1.0.0"
      }
    },
    "node_modules/vscode-jsonrpc": {
      "version": "8.2.0",
      "license": "MIT",
      "engines": {
        "node": ">=14.0.0"
      }
    },
    "node_modules/vscode-languageclient": {
      "version": "9.0.1",
      "resolved": "https://registry.npmjs.org/vscode-languageclient/-/vscode-languageclient-9.0.1.tgz",
      "integrity": "sha512-JZiimVdvimEuHh5olxhxkht09m3JzUGwggb5eRUkzzJhZ2KjCN0nh55VfiED9oez9DyF8/fz1g1iBV3h+0Z2EA==",
      "license": "MIT",
      "dependencies": {
        "minimatch": "^5.1.0",
        "semver": "^7.3.7",
        "vscode-languageserver-protocol": "3.17.5"
      },
      "engines": {
        "vscode": "^1.82.0"
      }
    },
    "node_modules/vscode-languageclient/node_modules/brace-expansion": {
      "version": "2.0.1",
      "license": "MIT",
      "dependencies": {
        "balanced-match": "^1.0.0"
      }
    },
    "node_modules/vscode-languageclient/node_modules/minimatch": {
      "version": "5.1.6",
      "license": "ISC",
      "dependencies": {
        "brace-expansion": "^2.0.1"
      },
      "engines": {
        "node": ">=10"
      }
    },
    "node_modules/vscode-languageclient/node_modules/semver": {
      "version": "7.7.1",
      "license": "ISC",
      "bin": {
        "semver": "bin/semver.js"
      },
      "engines": {
        "node": ">=10"
      }
    },
    "node_modules/vscode-languageserver-protocol": {
      "version": "3.17.5",
      "license": "MIT",
      "dependencies": {
        "vscode-jsonrpc": "8.2.0",
        "vscode-languageserver-types": "3.17.5"
      }
    },
    "node_modules/vscode-languageserver-types": {
      "version": "3.17.5",
      "license": "MIT"
    }
  }
}
